
Microsoft Visual Studio Solution File, Format Version 12.00
# Visual Studio Version 17
VisualStudioVersion = 17.14.36705.20 d17.14
MinimumVisualStudioVersion = 10.0.40219.1
Project("{54A90642-561A-4BB1-A94E-469ADEE60C69}") = "LogWatch", "LogWatch\LogWatch.esproj", "{C8B09D14-F2AC-FF90-60B4-BBD38345FF2F}"
EndProject
Global
	GlobalSection(SolutionConfigurationPlatforms) = preSolution
		Debug|Any CPU = Debug|Any CPU
		Release|Any CPU = Release|Any CPU
	EndGlobalSection
	GlobalSection(ProjectConfigurationPlatforms) = postSolution
		{C8B09D14-F2AC-FF90-60B4-BBD38345FF2F}.Debug|Any CPU.ActiveCfg = Debug|Any CPU
		{C8B09D14-F2AC-FF90-60B4-BBD38345FF2F}.Debug|Any CPU.Build.0 = Debug|Any CPU
		{C8B09D14-F2AC-FF90-60B4-BBD38345FF2F}.Debug|Any CPU.Deploy.0 = Debug|Any CPU
		{C8B09D14-F2AC-FF90-60B4-BBD38345FF2F}.Release|Any CPU.ActiveCfg = Release|Any CPU
		{C8B09D14-F2AC-FF90-60B4-BBD38345FF2F}.Release|Any CPU.Build.0 = Release|Any CPU
		{C8B09D14-F2AC-FF90-60B4-BBD38345FF2F}.Release|Any CPU.Deploy.0 = Release|Any CPU
	EndGlobalSection
	GlobalSection(SolutionProperties) = preSolution
		HideSolutionNode = FALSE
	EndGlobalSection
	GlobalSection(ExtensibilityGlobals) = postSolution
		SolutionGuid = {9FDC628E-E03F-4F8F-A353-CD4EF5D850E4}
	EndGlobalSection
EndGlobal
